
Microsoft Visual Studio Solution File, Format Version 12.00
# Visual Studio 15
VisualStudioVersion = 15.0.28307.329
MinimumVisualStudioVersion = 10.0.40219.1
Project("{FAE04EC0-301F-11D3-BF4B-00C04F79EFBC}") = "test0311_hello", "test0311_hello\test0311_hello.csproj", "{783A1D76-AB3F-4FBA-AC07-3DBBCF600034}"
EndProject
Global
	GlobalSection(SolutionConfigurationPlatforms) = preSolution
		Debug|Any CPU = Debug|Any CPU
		Release|Any CPU = Release|Any CPU
	EndGlobalSection
	GlobalSection(ProjectConfigurationPlatforms) = postSolution
		{783A1D76-AB3F-4FBA-AC07-3DBBCF600034}.Debug|Any CPU.ActiveCfg = Debug|Any CPU
		{783A1D76-AB3F-4FBA-AC07-3DBBCF600034}.Debug|Any CPU.Build.0 = Debug|Any CPU
		{783A1D76-AB3F-4FBA-AC07-3DBBCF600034}.Release|Any CPU.ActiveCfg = Release|Any CPU
		{783A1D76-AB3F-4FBA-AC07-3DBBCF600034}.Release|Any CPU.Build.0 = Release|Any CPU
	EndGlobalSection
	GlobalSection(SolutionProperties) = preSolution
		HideSolutionNode = FALSE
	EndGlobalSection
	GlobalSection(ExtensibilityGlobals) = postSolution
		SolutionGuid = {690B4F4F-5690-4578-BFF8-355435C10DB4}
	EndGlobalSection
EndGlobal
